
Microsoft Visual Studio Solution File, Format Version 12.00
# Visual Studio Version 16
VisualStudioVersion = 16.0.30907.101
MinimumVisualStudioVersion = 10.0.40219.1
Project("{FAE04EC0-301F-11D3-BF4B-00C04F79EFBC}") = "ProyectoCalidad", "ProyectoCalidad\ProyectoCalidad.csproj", "{4F67BEAD-4F8D-4A08-B77B-DE0F0DADCDAE}"
EndProject
Global
	GlobalSection(SolutionConfigurationPlatforms) = preSolution
		Debug|Any CPU = Debug|Any CPU
		Release|Any CPU = Release|Any CPU
	EndGlobalSection
	GlobalSection(ProjectConfigurationPlatforms) = postSolution
		{4F67BEAD-4F8D-4A08-B77B-DE0F0DADCDAE}.Debug|Any CPU.ActiveCfg = Debug|Any CPU
		{4F67BEAD-4F8D-4A08-B77B-DE0F0DADCDAE}.Debug|Any CPU.Build.0 = Debug|Any CPU
		{4F67BEAD-4F8D-4A08-B77B-DE0F0DADCDAE}.Release|Any CPU.ActiveCfg = Release|Any CPU
		{4F67BEAD-4F8D-4A08-B77B-DE0F0DADCDAE}.Release|Any CPU.Build.0 = Release|Any CPU
	EndGlobalSection
	GlobalSection(SolutionProperties) = preSolution
		HideSolutionNode = FALSE
	EndGlobalSection
	GlobalSection(ExtensibilityGlobals) = postSolution
		SolutionGuid = {BE6F29C9-CC4F-4FF6-B887-536A2DF35B67}
	EndGlobalSection
EndGlobal
